
Microsoft Visual Studio Solution File, Format Version 12.00
# Visual Studio 2013
VisualStudioVersion = 12.0.31101.0
MinimumVisualStudioVersion = 10.0.40219.1
Project("{FAE04EC0-301F-11D3-BF4B-00C04F79EFBC}") = "02. HelloCSharp", "HelloCSharp\02. HelloCSharp.csproj", "{6C8299FD-A984-4E0B-BCC7-A429CD067168}"
EndProject
Project("{FAE04EC0-301F-11D3-BF4B-00C04F79EFBC}") = "04. 1,101,1001", "1,101,1001\04. 1,101,1001.csproj", "{0E9F6FCE-61BA-4DAF-B773-AAB4A6F73C16}"
EndProject
Project("{FAE04EC0-301F-11D3-BF4B-00C04F79EFBC}") = "03. First and Last Name", "First and Last Name\03. First and Last Name.csproj", "{BFC444D8-6D72-47CE-841F-D92505FD1FDA}"
EndProject
Project("{FAE04EC0-301F-11D3-BF4B-00C04F79EFBC}") = "14. Current Date and Time", "Current Date and Time\14. Current Date and Time.csproj", "{C303B1B5-306F-4B49-B513-191D7D4C5F37}"
EndProject
Project("{FAE04EC0-301F-11D3-BF4B-00C04F79EFBC}") = "08. Square of 12345", "Square of 12345\08. Square of 12345.csproj", "{AE917956-EFBF-469F-B500-38E8E94D5659}"
EndProject
Project("{FAE04EC0-301F-11D3-BF4B-00C04F79EFBC}") = "11. 2,-3,4,-5,6", "2,-3,4,-5,6\11. 2,-3,4,-5,6.csproj", "{9AEA3820-8E25-4D0C-9FA3-311E2438E7C5}"
EndProject
Project("{FAE04EC0-301F-11D3-BF4B-00C04F79EFBC}") = "15. Age Console + 10 years", "12. Age Console + 10 years\15. Age Console + 10 years.csproj", "{C29990DC-31F9-4FCC-A816-211B51D423E8}"
EndProject
Project("{FAE04EC0-301F-11D3-BF4B-00C04F79EFBC}") = "06.PrintNumbers", "06.PrintNumbers\06.PrintNumbers.csproj", "{379912FF-9EDD-4FF8-9AA0-D42BCDCF4B47}"
EndProject
Project("{FAE04EC0-301F-11D3-BF4B-00C04F79EFBC}") = "09.PrintSequence", "09.PrintSequence\09.PrintSequence.csproj", "{19330EAA-D99D-415F-A0F6-2C8EAD59E499}"
EndProject
Project("{FAE04EC0-301F-11D3-BF4B-00C04F79EFBC}") = "10.ReformatCode", "10.ReformatCode\10.ReformatCode.csproj", "{1E3B9996-7643-4FBD-A46B-5751EF5A01F5}"
EndProject
Project("{FAE04EC0-301F-11D3-BF4B-00C04F79EFBC}") = "16.PrintLongSequence", "16.PrintLongSequence\16.PrintLongSequence.csproj", "{669D4A49-229F-4293-A588-BB65B7B05A95}"
EndProject
Global
	GlobalSection(SolutionConfigurationPlatforms) = preSolution
		Debug|Any CPU = Debug|Any CPU
		Release|Any CPU = Release|Any CPU
	EndGlobalSection
	GlobalSection(ProjectConfigurationPlatforms) = postSolution
		{6C8299FD-A984-4E0B-BCC7-A429CD067168}.Debug|Any CPU.ActiveCfg = Debug|Any CPU
		{6C8299FD-A984-4E0B-BCC7-A429CD067168}.Debug|Any CPU.Build.0 = Debug|Any CPU
		{6C8299FD-A984-4E0B-BCC7-A429CD067168}.Release|Any CPU.ActiveCfg = Release|Any CPU
		{6C8299FD-A984-4E0B-BCC7-A429CD067168}.Release|Any CPU.Build.0 = Release|Any CPU
		{0E9F6FCE-61BA-4DAF-B773-AAB4A6F73C16}.Debug|Any CPU.ActiveCfg = Debug|Any CPU
		{0E9F6FCE-61BA-4DAF-B773-AAB4A6F73C16}.Debug|Any CPU.Build.0 = Debug|Any CPU
		{0E9F6FCE-61BA-4DAF-B773-AAB4A6F73C16}.Release|Any CPU.ActiveCfg = Release|Any CPU
		{0E9F6FCE-61BA-4DAF-B773-AAB4A6F73C16}.Release|Any CPU.Build.0 = Release|Any CPU
		{BFC444D8-6D72-47CE-841F-D92505FD1FDA}.Debug|Any CPU.ActiveCfg = Debug|Any CPU
		{BFC444D8-6D72-47CE-841F-D92505FD1FDA}.Debug|Any CPU.Build.0 = Debug|Any CPU
		{BFC444D8-6D72-47CE-841F-D92505FD1FDA}.Release|Any CPU.ActiveCfg = Release|Any CPU
		{BFC444D8-6D72-47CE-841F-D92505FD1FDA}.Release|Any CPU.Build.0 = Release|Any CPU
		{C303B1B5-306F-4B49-B513-191D7D4C5F37}.Debug|Any CPU.ActiveCfg = Debug|Any CPU
		{C303B1B5-306F-4B49-B513-191D7D4C5F37}.Debug|Any CPU.Build.0 = Debug|Any CPU
		{C303B1B5-306F-4B49-B513-191D7D4C5F37}.Release|Any CPU.ActiveCfg = Release|Any CPU
		{C303B1B5-306F-4B49-B513-191D7D4C5F37}.Release|Any CPU.Build.0 = Release|Any CPU
		{AE917956-EFBF-469F-B500-38E8E94D5659}.Debug|Any CPU.ActiveCfg = Debug|Any CPU
		{AE917956-EFBF-469F-B500-38E8E94D5659}.Debug|Any CPU.Build.0 = Debug|Any CPU
		{AE917956-EFBF-469F-B500-38E8E94D5659}.Release|Any CPU.ActiveCfg = Release|Any CPU
		{AE917956-EFBF-469F-B500-38E8E94D5659}.Release|Any CPU.Build.0 = Release|Any CPU
		{9AEA3820-8E25-4D0C-9FA3-311E2438E7C5}.Debug|Any CPU.ActiveCfg = Debug|Any CPU
		{9AEA3820-8E25-4D0C-9FA3-311E2438E7C5}.Debug|Any CPU.Build.0 = Debug|Any CPU
		{9AEA3820-8E25-4D0C-9FA3-311E2438E7C5}.Release|Any CPU.ActiveCfg = Release|Any CPU
		{9AEA3820-8E25-4D0C-9FA3-311E2438E7C5}.Release|Any CPU.Build.0 = Release|Any CPU
		{C29990DC-31F9-4FCC-A816-211B51D423E8}.Debug|Any CPU.ActiveCfg = Debug|Any CPU
		{C29990DC-31F9-4FCC-A816-211B51D423E8}.Debug|Any CPU.Build.0 = Debug|Any CPU
		{C29990DC-31F9-4FCC-A816-211B51D423E8}.Release|Any CPU.ActiveCfg = Release|Any CPU
		{C29990DC-31F9-4FCC-A816-211B51D423E8}.Release|Any CPU.Build.0 = Release|Any CPU
		{379912FF-9EDD-4FF8-9AA0-D42BCDCF4B47}.Debug|Any CPU.ActiveCfg = Debug|Any CPU
		{379912FF-9EDD-4FF8-9AA0-D42BCDCF4B47}.Debug|Any CPU.Build.0 = Debug|Any CPU
		{379912FF-9EDD-4FF8-9AA0-D42BCDCF4B47}.Release|Any CPU.ActiveCfg = Release|Any CPU
		{379912FF-9EDD-4FF8-9AA0-D42BCDCF4B47}.Release|Any CPU.Build.0 = Release|Any CPU
		{19330EAA-D99D-415F-A0F6-2C8EAD59E499}.Debug|Any CPU.ActiveCfg = Debug|Any CPU
		{19330EAA-D99D-415F-A0F6-2C8EAD59E499}.Debug|Any CPU.Build.0 = Debug|Any CPU
		{19330EAA-D99D-415F-A0F6-2C8EAD59E499}.Release|Any CPU.ActiveCfg = Release|Any CPU
		{19330EAA-D99D-415F-A0F6-2C8EAD59E499}.Release|Any CPU.Build.0 = Release|Any CPU
		{1E3B9996-7643-4FBD-A46B-5751EF5A01F5}.Debug|Any CPU.ActiveCfg = Debug|Any CPU
		{1E3B9996-7643-4FBD-A46B-5751EF5A01F5}.Debug|Any CPU.Build.0 = Debug|Any CPU
		{1E3B9996-7643-4FBD-A46B-5751EF5A01F5}.Release|Any CPU.ActiveCfg = Release|Any CPU
		{1E3B9996-7643-4FBD-A46B-5751EF5A01F5}.Release|Any CPU.Build.0 = Release|Any CPU
		{669D4A49-229F-4293-A588-BB65B7B05A95}.Debug|Any CPU.ActiveCfg = Debug|Any CPU
		{669D4A49-229F-4293-A588-BB65B7B05A95}.Debug|Any CPU.Build.0 = Debug|Any CPU
		{669D4A49-229F-4293-A588-BB65B7B05A95}.Release|Any CPU.ActiveCfg = Release|Any CPU
		{669D4A49-229F-4293-A588-BB65B7B05A95}.Release|Any CPU.Build.0 = Release|Any CPU
	EndGlobalSection
	GlobalSection(SolutionProperties) = preSolution
		HideSolutionNode = FALSE
	EndGlobalSection
EndGlobal
