
Microsoft Visual Studio Solution File, Format Version 12.00
# Visual Studio 2013
VisualStudioVersion = 12.0.31101.0
MinimumVisualStudioVersion = 10.0.40219.1
Project("{FAE04EC0-301F-11D3-BF4B-00C04F79EFBC}") = "02.MovingLetters", "02.MovingLetters\02.MovingLetters.csproj", "{02D78752-FEE1-483F-925B-CC48C1218301}"
EndProject
Project("{FAE04EC0-301F-11D3-BF4B-00C04F79EFBC}") = "03.Tron3D", "03.Tron3D\03.Tron3D.csproj", "{30342C09-4927-4CA4-96C5-59635C35FD3D}"
EndProject
Project("{FAE04EC0-301F-11D3-BF4B-00C04F79EFBC}") = "00.Testing", "00.Testing\00.Testing.csproj", "{7435EE48-D6A3-4B36-AD1C-00A23350EB7B}"
EndProject
Project("{FAE04EC0-301F-11D3-BF4B-00C04F79EFBC}") = "PHPVariables", "PHPVariables\PHPVariables.csproj", "{D7E9D4C6-0762-4DBD-8151-8E69276180D0}"
EndProject
Project("{FAE04EC0-301F-11D3-BF4B-00C04F79EFBC}") = "04.3DStars", "04.3DStars\04.3DStars.csproj", "{97D710A0-4E1F-485B-B2BF-44F09DB21326}"
EndProject
Project("{FAE04EC0-301F-11D3-BF4B-00C04F79EFBC}") = "05.Brackets", "05.Brackets\05.Brackets.csproj", "{1F985C60-3D6A-47FD-B82F-1C338894E2BD}"
EndProject
Project("{FAE04EC0-301F-11D3-BF4B-00C04F79EFBC}") = "04.3DStarsByMe", "04.3DStarsByMe\04.3DStarsByMe.csproj", "{CCBA6DAF-77A2-457D-B9DE-9A6BB6EF8952}"
EndProject
Project("{FAE04EC0-301F-11D3-BF4B-00C04F79EFBC}") = "04.3DLines", "04.3DLines\04.3DLines.csproj", "{EED4AFE1-F648-4875-84D9-AE865291BE47}"
EndProject
Project("{FAE04EC0-301F-11D3-BF4B-00C04F79EFBC}") = "04.EncriptAndEncode", "04.EncriptAndEncode\04.EncriptAndEncode.csproj", "{A1B4DC44-973E-4E8F-9717-929DE9BAE040}"
EndProject
Project("{FAE04EC0-301F-11D3-BF4B-00C04F79EFBC}") = "03.Tubes", "03.Tubes\03.Tubes.csproj", "{9276C1AA-F592-485D-A63B-BEF6F0AD57B7}"
EndProject
Project("{FAE04EC0-301F-11D3-BF4B-00C04F79EFBC}") = "01ZergMessage", "01ZergMessage\01ZergMessage.csproj", "{8251A959-2EFA-4830-81E2-1BF77E2EDECD}"
EndProject
Project("{FAE04EC0-301F-11D3-BF4B-00C04F79EFBC}") = "01.MultiverseCommunication", "01.MultiverseCommunication\01.MultiverseCommunication.csproj", "{9BB9E385-8055-473A-BB63-8AD9C3F973CE}"
EndProject
Project("{FAE04EC0-301F-11D3-BF4B-00C04F79EFBC}") = "01.StrangeLandNumbers", "01.StrangeLandNumbers\01.StrangeLandNumbers.csproj", "{2112BDC8-7A0B-4E26-8049-421EEFF06A65}"
EndProject
Project("{FAE04EC0-301F-11D3-BF4B-00C04F79EFBC}") = "01.TRES4Numbers", "01.TRES4Numbers\01.TRES4Numbers.csproj", "{E0853D9A-9136-42A6-9814-22F6FC3DDCD0}"
EndProject
Project("{FAE04EC0-301F-11D3-BF4B-00C04F79EFBC}") = "01.9Gag", "01.9Gag\01.9Gag.csproj", "{5BACF800-D01F-4815-BAEB-DB428889EAAB}"
EndProject
Project("{FAE04EC0-301F-11D3-BF4B-00C04F79EFBC}") = "01.DurankulakNumbers", "01.DurankulakNumbers\01.DurankulakNumbers.csproj", "{9BAED30C-0275-48E8-B4CD-59768960DD50}"
EndProject
Project("{FAE04EC0-301F-11D3-BF4B-00C04F79EFBC}") = "02.BunnyFactory", "02.BunnyFactory\02.BunnyFactory.csproj", "{92572A57-4D62-4CE6-96BA-0F7199BE8935}"
EndProject
Project("{FAE04EC0-301F-11D3-BF4B-00C04F79EFBC}") = "02.MagicWords", "02.MagicWords\02.MagicWords.csproj", "{6DF4B1B3-42AB-447D-B843-EF35A03E21FC}"
EndProject
Project("{FAE04EC0-301F-11D3-BF4B-00C04F79EFBC}") = "03.Trails3D", "03.Trails3D\03.Trails3D.csproj", "{A45554FA-78E0-46A8-8E62-948151FCDA5A}"
EndProject
Project("{FAE04EC0-301F-11D3-BF4B-00C04F79EFBC}") = "05.TheyAreGreen", "05.TheyAreGreen\05.TheyAreGreen.csproj", "{DB584B4B-8514-4EA0-9D38-0BAAB4582C32}"
EndProject
Global
	GlobalSection(SolutionConfigurationPlatforms) = preSolution
		Debug|Any CPU = Debug|Any CPU
		Release|Any CPU = Release|Any CPU
	EndGlobalSection
	GlobalSection(ProjectConfigurationPlatforms) = postSolution
		{02D78752-FEE1-483F-925B-CC48C1218301}.Debug|Any CPU.ActiveCfg = Debug|Any CPU
		{02D78752-FEE1-483F-925B-CC48C1218301}.Debug|Any CPU.Build.0 = Debug|Any CPU
		{02D78752-FEE1-483F-925B-CC48C1218301}.Release|Any CPU.ActiveCfg = Release|Any CPU
		{02D78752-FEE1-483F-925B-CC48C1218301}.Release|Any CPU.Build.0 = Release|Any CPU
		{30342C09-4927-4CA4-96C5-59635C35FD3D}.Debug|Any CPU.ActiveCfg = Debug|Any CPU
		{30342C09-4927-4CA4-96C5-59635C35FD3D}.Debug|Any CPU.Build.0 = Debug|Any CPU
		{30342C09-4927-4CA4-96C5-59635C35FD3D}.Release|Any CPU.ActiveCfg = Release|Any CPU
		{30342C09-4927-4CA4-96C5-59635C35FD3D}.Release|Any CPU.Build.0 = Release|Any CPU
		{7435EE48-D6A3-4B36-AD1C-00A23350EB7B}.Debug|Any CPU.ActiveCfg = Debug|Any CPU
		{7435EE48-D6A3-4B36-AD1C-00A23350EB7B}.Debug|Any CPU.Build.0 = Debug|Any CPU
		{7435EE48-D6A3-4B36-AD1C-00A23350EB7B}.Release|Any CPU.ActiveCfg = Release|Any CPU
		{7435EE48-D6A3-4B36-AD1C-00A23350EB7B}.Release|Any CPU.Build.0 = Release|Any CPU
		{D7E9D4C6-0762-4DBD-8151-8E69276180D0}.Debug|Any CPU.ActiveCfg = Debug|Any CPU
		{D7E9D4C6-0762-4DBD-8151-8E69276180D0}.Debug|Any CPU.Build.0 = Debug|Any CPU
		{D7E9D4C6-0762-4DBD-8151-8E69276180D0}.Release|Any CPU.ActiveCfg = Release|Any CPU
		{D7E9D4C6-0762-4DBD-8151-8E69276180D0}.Release|Any CPU.Build.0 = Release|Any CPU
		{97D710A0-4E1F-485B-B2BF-44F09DB21326}.Debug|Any CPU.ActiveCfg = Debug|Any CPU
		{97D710A0-4E1F-485B-B2BF-44F09DB21326}.Debug|Any CPU.Build.0 = Debug|Any CPU
		{97D710A0-4E1F-485B-B2BF-44F09DB21326}.Release|Any CPU.ActiveCfg = Release|Any CPU
		{97D710A0-4E1F-485B-B2BF-44F09DB21326}.Release|Any CPU.Build.0 = Release|Any CPU
		{1F985C60-3D6A-47FD-B82F-1C338894E2BD}.Debug|Any CPU.ActiveCfg = Debug|Any CPU
		{1F985C60-3D6A-47FD-B82F-1C338894E2BD}.Debug|Any CPU.Build.0 = Debug|Any CPU
		{1F985C60-3D6A-47FD-B82F-1C338894E2BD}.Release|Any CPU.ActiveCfg = Release|Any CPU
		{1F985C60-3D6A-47FD-B82F-1C338894E2BD}.Release|Any CPU.Build.0 = Release|Any CPU
		{CCBA6DAF-77A2-457D-B9DE-9A6BB6EF8952}.Debug|Any CPU.ActiveCfg = Debug|Any CPU
		{CCBA6DAF-77A2-457D-B9DE-9A6BB6EF8952}.Debug|Any CPU.Build.0 = Debug|Any CPU
		{CCBA6DAF-77A2-457D-B9DE-9A6BB6EF8952}.Release|Any CPU.ActiveCfg = Release|Any CPU
		{CCBA6DAF-77A2-457D-B9DE-9A6BB6EF8952}.Release|Any CPU.Build.0 = Release|Any CPU
		{EED4AFE1-F648-4875-84D9-AE865291BE47}.Debug|Any CPU.ActiveCfg = Debug|Any CPU
		{EED4AFE1-F648-4875-84D9-AE865291BE47}.Debug|Any CPU.Build.0 = Debug|Any CPU
		{EED4AFE1-F648-4875-84D9-AE865291BE47}.Release|Any CPU.ActiveCfg = Release|Any CPU
		{EED4AFE1-F648-4875-84D9-AE865291BE47}.Release|Any CPU.Build.0 = Release|Any CPU
		{A1B4DC44-973E-4E8F-9717-929DE9BAE040}.Debug|Any CPU.ActiveCfg = Debug|Any CPU
		{A1B4DC44-973E-4E8F-9717-929DE9BAE040}.Debug|Any CPU.Build.0 = Debug|Any CPU
		{A1B4DC44-973E-4E8F-9717-929DE9BAE040}.Release|Any CPU.ActiveCfg = Release|Any CPU
		{A1B4DC44-973E-4E8F-9717-929DE9BAE040}.Release|Any CPU.Build.0 = Release|Any CPU
		{9276C1AA-F592-485D-A63B-BEF6F0AD57B7}.Debug|Any CPU.ActiveCfg = Debug|Any CPU
		{9276C1AA-F592-485D-A63B-BEF6F0AD57B7}.Debug|Any CPU.Build.0 = Debug|Any CPU
		{9276C1AA-F592-485D-A63B-BEF6F0AD57B7}.Release|Any CPU.ActiveCfg = Release|Any CPU
		{9276C1AA-F592-485D-A63B-BEF6F0AD57B7}.Release|Any CPU.Build.0 = Release|Any CPU
		{8251A959-2EFA-4830-81E2-1BF77E2EDECD}.Debug|Any CPU.ActiveCfg = Debug|Any CPU
		{8251A959-2EFA-4830-81E2-1BF77E2EDECD}.Debug|Any CPU.Build.0 = Debug|Any CPU
		{8251A959-2EFA-4830-81E2-1BF77E2EDECD}.Release|Any CPU.ActiveCfg = Release|Any CPU
		{8251A959-2EFA-4830-81E2-1BF77E2EDECD}.Release|Any CPU.Build.0 = Release|Any CPU
		{9BB9E385-8055-473A-BB63-8AD9C3F973CE}.Debug|Any CPU.ActiveCfg = Debug|Any CPU
		{9BB9E385-8055-473A-BB63-8AD9C3F973CE}.Debug|Any CPU.Build.0 = Debug|Any CPU
		{9BB9E385-8055-473A-BB63-8AD9C3F973CE}.Release|Any CPU.ActiveCfg = Release|Any CPU
		{9BB9E385-8055-473A-BB63-8AD9C3F973CE}.Release|Any CPU.Build.0 = Release|Any CPU
		{2112BDC8-7A0B-4E26-8049-421EEFF06A65}.Debug|Any CPU.ActiveCfg = Debug|Any CPU
		{2112BDC8-7A0B-4E26-8049-421EEFF06A65}.Debug|Any CPU.Build.0 = Debug|Any CPU
		{2112BDC8-7A0B-4E26-8049-421EEFF06A65}.Release|Any CPU.ActiveCfg = Release|Any CPU
		{2112BDC8-7A0B-4E26-8049-421EEFF06A65}.Release|Any CPU.Build.0 = Release|Any CPU
		{E0853D9A-9136-42A6-9814-22F6FC3DDCD0}.Debug|Any CPU.ActiveCfg = Debug|Any CPU
		{E0853D9A-9136-42A6-9814-22F6FC3DDCD0}.Debug|Any CPU.Build.0 = Debug|Any CPU
		{E0853D9A-9136-42A6-9814-22F6FC3DDCD0}.Release|Any CPU.ActiveCfg = Release|Any CPU
		{E0853D9A-9136-42A6-9814-22F6FC3DDCD0}.Release|Any CPU.Build.0 = Release|Any CPU
		{5BACF800-D01F-4815-BAEB-DB428889EAAB}.Debug|Any CPU.ActiveCfg = Debug|Any CPU
		{5BACF800-D01F-4815-BAEB-DB428889EAAB}.Debug|Any CPU.Build.0 = Debug|Any CPU
		{5BACF800-D01F-4815-BAEB-DB428889EAAB}.Release|Any CPU.ActiveCfg = Release|Any CPU
		{5BACF800-D01F-4815-BAEB-DB428889EAAB}.Release|Any CPU.Build.0 = Release|Any CPU
		{9BAED30C-0275-48E8-B4CD-59768960DD50}.Debug|Any CPU.ActiveCfg = Debug|Any CPU
		{9BAED30C-0275-48E8-B4CD-59768960DD50}.Debug|Any CPU.Build.0 = Debug|Any CPU
		{9BAED30C-0275-48E8-B4CD-59768960DD50}.Release|Any CPU.ActiveCfg = Release|Any CPU
		{9BAED30C-0275-48E8-B4CD-59768960DD50}.Release|Any CPU.Build.0 = Release|Any CPU
		{92572A57-4D62-4CE6-96BA-0F7199BE8935}.Debug|Any CPU.ActiveCfg = Debug|Any CPU
		{92572A57-4D62-4CE6-96BA-0F7199BE8935}.Debug|Any CPU.Build.0 = Debug|Any CPU
		{92572A57-4D62-4CE6-96BA-0F7199BE8935}.Release|Any CPU.ActiveCfg = Release|Any CPU
		{92572A57-4D62-4CE6-96BA-0F7199BE8935}.Release|Any CPU.Build.0 = Release|Any CPU
		{6DF4B1B3-42AB-447D-B843-EF35A03E21FC}.Debug|Any CPU.ActiveCfg = Debug|Any CPU
		{6DF4B1B3-42AB-447D-B843-EF35A03E21FC}.Debug|Any CPU.Build.0 = Debug|Any CPU
		{6DF4B1B3-42AB-447D-B843-EF35A03E21FC}.Release|Any CPU.ActiveCfg = Release|Any CPU
		{6DF4B1B3-42AB-447D-B843-EF35A03E21FC}.Release|Any CPU.Build.0 = Release|Any CPU
		{A45554FA-78E0-46A8-8E62-948151FCDA5A}.Debug|Any CPU.ActiveCfg = Debug|Any CPU
		{A45554FA-78E0-46A8-8E62-948151FCDA5A}.Debug|Any CPU.Build.0 = Debug|Any CPU
		{A45554FA-78E0-46A8-8E62-948151FCDA5A}.Release|Any CPU.ActiveCfg = Release|Any CPU
		{A45554FA-78E0-46A8-8E62-948151FCDA5A}.Release|Any CPU.Build.0 = Release|Any CPU
		{DB584B4B-8514-4EA0-9D38-0BAAB4582C32}.Debug|Any CPU.ActiveCfg = Debug|Any CPU
		{DB584B4B-8514-4EA0-9D38-0BAAB4582C32}.Debug|Any CPU.Build.0 = Debug|Any CPU
		{DB584B4B-8514-4EA0-9D38-0BAAB4582C32}.Release|Any CPU.ActiveCfg = Release|Any CPU
		{DB584B4B-8514-4EA0-9D38-0BAAB4582C32}.Release|Any CPU.Build.0 = Release|Any CPU
	EndGlobalSection
	GlobalSection(SolutionProperties) = preSolution
		HideSolutionNode = FALSE
	EndGlobalSection
EndGlobal
