
Microsoft Visual Studio Solution File, Format Version 12.00
# Visual Studio 2013
VisualStudioVersion = 12.0.31101.0
MinimumVisualStudioVersion = 10.0.40219.1
Project("{FAE04EC0-301F-11D3-BF4B-00C04F79EFBC}") = "01.MathExpression", "01.MathExpression\01.MathExpression.csproj", "{D02B5E2D-EFE4-48C5-A04C-F72602FDB7BA}"
EndProject
Project("{FAE04EC0-301F-11D3-BF4B-00C04F79EFBC}") = "02.LeastMajorityMultiple", "02.LeastMajorityMultiple\02.LeastMajorityMultiple.csproj", "{62448D30-AC64-4C98-BC59-888FC3E41457}"
EndProject
Project("{FAE04EC0-301F-11D3-BF4B-00C04F79EFBC}") = "03.Trapezoid", "03.Trapezoid\03.Trapezoid.csproj", "{907263C5-C7A7-4F88-8A23-759D9E3C12C0}"
EndProject
Project("{FAE04EC0-301F-11D3-BF4B-00C04F79EFBC}") = "04.OddNumber", "04.OddNumber\04.OddNumber.csproj", "{33E617DE-7AD1-41B3-B980-046408E058C5}"
EndProject
Project("{FAE04EC0-301F-11D3-BF4B-00C04F79EFBC}") = "05.FallDown", "05.FallDown\05.FallDown.csproj", "{CFBAA779-735D-488A-90EB-260FD4817FDB}"
EndProject
Global
	GlobalSection(SolutionConfigurationPlatforms) = preSolution
		Debug|Any CPU = Debug|Any CPU
		Release|Any CPU = Release|Any CPU
	EndGlobalSection
	GlobalSection(ProjectConfigurationPlatforms) = postSolution
		{D02B5E2D-EFE4-48C5-A04C-F72602FDB7BA}.Debug|Any CPU.ActiveCfg = Debug|Any CPU
		{D02B5E2D-EFE4-48C5-A04C-F72602FDB7BA}.Debug|Any CPU.Build.0 = Debug|Any CPU
		{D02B5E2D-EFE4-48C5-A04C-F72602FDB7BA}.Release|Any CPU.ActiveCfg = Release|Any CPU
		{D02B5E2D-EFE4-48C5-A04C-F72602FDB7BA}.Release|Any CPU.Build.0 = Release|Any CPU
		{62448D30-AC64-4C98-BC59-888FC3E41457}.Debug|Any CPU.ActiveCfg = Debug|Any CPU
		{62448D30-AC64-4C98-BC59-888FC3E41457}.Debug|Any CPU.Build.0 = Debug|Any CPU
		{62448D30-AC64-4C98-BC59-888FC3E41457}.Release|Any CPU.ActiveCfg = Release|Any CPU
		{62448D30-AC64-4C98-BC59-888FC3E41457}.Release|Any CPU.Build.0 = Release|Any CPU
		{907263C5-C7A7-4F88-8A23-759D9E3C12C0}.Debug|Any CPU.ActiveCfg = Debug|Any CPU
		{907263C5-C7A7-4F88-8A23-759D9E3C12C0}.Debug|Any CPU.Build.0 = Debug|Any CPU
		{907263C5-C7A7-4F88-8A23-759D9E3C12C0}.Release|Any CPU.ActiveCfg = Release|Any CPU
		{907263C5-C7A7-4F88-8A23-759D9E3C12C0}.Release|Any CPU.Build.0 = Release|Any CPU
		{33E617DE-7AD1-41B3-B980-046408E058C5}.Debug|Any CPU.ActiveCfg = Debug|Any CPU
		{33E617DE-7AD1-41B3-B980-046408E058C5}.Debug|Any CPU.Build.0 = Debug|Any CPU
		{33E617DE-7AD1-41B3-B980-046408E058C5}.Release|Any CPU.ActiveCfg = Release|Any CPU
		{33E617DE-7AD1-41B3-B980-046408E058C5}.Release|Any CPU.Build.0 = Release|Any CPU
		{CFBAA779-735D-488A-90EB-260FD4817FDB}.Debug|Any CPU.ActiveCfg = Debug|Any CPU
		{CFBAA779-735D-488A-90EB-260FD4817FDB}.Debug|Any CPU.Build.0 = Debug|Any CPU
		{CFBAA779-735D-488A-90EB-260FD4817FDB}.Release|Any CPU.ActiveCfg = Release|Any CPU
		{CFBAA779-735D-488A-90EB-260FD4817FDB}.Release|Any CPU.Build.0 = Release|Any CPU
	EndGlobalSection
	GlobalSection(SolutionProperties) = preSolution
		HideSolutionNode = FALSE
	EndGlobalSection
EndGlobal
