
Microsoft Visual Studio Solution File, Format Version 12.00
# Visual Studio 2013
VisualStudioVersion = 12.0.31101.0
MinimumVisualStudioVersion = 10.0.40219.1
Project("{FAE04EC0-301F-11D3-BF4B-00C04F79EFBC}") = "OOPExamPrep", "OOPExamPrep\OOPExamPrep.csproj", "{8C0C9C4F-FEE7-44D9-A694-4729F087D0A9}"
EndProject
Project("{FAE04EC0-301F-11D3-BF4B-00C04F79EFBC}") = "SoftwareAcademy", "SoftwareAcademy\SoftwareAcademy.csproj", "{353445C0-D206-4C03-AC09-86D82EFF9C3C}"
EndProject
Global
	GlobalSection(SolutionConfigurationPlatforms) = preSolution
		Debug|Any CPU = Debug|Any CPU
		Release|Any CPU = Release|Any CPU
	EndGlobalSection
	GlobalSection(ProjectConfigurationPlatforms) = postSolution
		{8C0C9C4F-FEE7-44D9-A694-4729F087D0A9}.Debug|Any CPU.ActiveCfg = Debug|Any CPU
		{8C0C9C4F-FEE7-44D9-A694-4729F087D0A9}.Debug|Any CPU.Build.0 = Debug|Any CPU
		{8C0C9C4F-FEE7-44D9-A694-4729F087D0A9}.Release|Any CPU.ActiveCfg = Release|Any CPU
		{8C0C9C4F-FEE7-44D9-A694-4729F087D0A9}.Release|Any CPU.Build.0 = Release|Any CPU
		{353445C0-D206-4C03-AC09-86D82EFF9C3C}.Debug|Any CPU.ActiveCfg = Debug|Any CPU
		{353445C0-D206-4C03-AC09-86D82EFF9C3C}.Debug|Any CPU.Build.0 = Debug|Any CPU
		{353445C0-D206-4C03-AC09-86D82EFF9C3C}.Release|Any CPU.ActiveCfg = Release|Any CPU
		{353445C0-D206-4C03-AC09-86D82EFF9C3C}.Release|Any CPU.Build.0 = Release|Any CPU
	EndGlobalSection
	GlobalSection(SolutionProperties) = preSolution
		HideSolutionNode = FALSE
	EndGlobalSection
EndGlobal
