
Microsoft Visual Studio Solution File, Format Version 12.00
# Visual Studio 2013
VisualStudioVersion = 12.0.31101.0
MinimumVisualStudioVersion = 10.0.40219.1
Project("{FAE04EC0-301F-11D3-BF4B-00C04F79EFBC}") = "test", "test\test.csproj", "{75610211-0052-4DED-9C5F-FF077E4D6741}"
EndProject
Project("{FAE04EC0-301F-11D3-BF4B-00C04F79EFBC}") = "16.AdvancedBitExchange", "AdvancedBitExchange\16.AdvancedBitExchange.csproj", "{642E200C-AB36-4303-BE9C-EA405491147E}"
EndProject
Project("{FAE04EC0-301F-11D3-BF4B-00C04F79EFBC}") = "14.Modify at P", "Bit at position P\14.Modify at P.csproj", "{0522CE5F-EE21-40B4-A8CD-476DA699A686}"
EndProject
Project("{FAE04EC0-301F-11D3-BF4B-00C04F79EFBC}") = "13.CheckBitAtP", "CheckBitAtP\13.CheckBitAtP.csproj", "{011007B2-9BB5-4DD2-AC55-B090C95E778A}"
EndProject
Project("{FAE04EC0-301F-11D3-BF4B-00C04F79EFBC}") = "05.CheckThirdInt", "CheckThirdInt\05.CheckThirdInt.csproj", "{B8449B45-F107-478E-B0D6-F84AF6B1A1A2}"
EndProject
Project("{FAE04EC0-301F-11D3-BF4B-00C04F79EFBC}") = "10.CircleAndRect", "CircleAndRect\10.CircleAndRect.csproj", "{DF9FDD1D-0BC8-40BD-9981-83176D49FA29}"
EndProject
Project("{FAE04EC0-301F-11D3-BF4B-00C04F79EFBC}") = "03.DivideBySevenAndFive", "DivideBySevenAndFive\03.DivideBySevenAndFive.csproj", "{575FC30A-4C5E-46F7-BE7F-268B1D7EF53E}"
EndProject
Project("{FAE04EC0-301F-11D3-BF4B-00C04F79EFBC}") = "15.Exchange bits", "Exchange bits\15.Exchange bits.csproj", "{84764647-04B3-44C2-B650-E4F7B0B46C73}"
EndProject
Project("{FAE04EC0-301F-11D3-BF4B-00C04F79EFBC}") = "11. ExtractThird", "Hold values\11. ExtractThird.csproj", "{5301AF23-B016-4910-A0F5-BB6B3339EA4F}"
EndProject
Project("{FAE04EC0-301F-11D3-BF4B-00C04F79EFBC}") = "08.IsPrime", "IsPrime\08.IsPrime.csproj", "{3621CA69-3E4A-41DB-873A-592A85EE1CC7}"
EndProject
Project("{FAE04EC0-301F-11D3-BF4B-00C04F79EFBC}") = "02.MoonGravity", "MoonGravity\02.MoonGravity.csproj", "{B603AA0B-9BDE-4398-A328-E029047B671C}"
EndProject
Project("{FAE04EC0-301F-11D3-BF4B-00C04F79EFBC}") = "01.OddOrEven", "OperatorsAndExpressions\01.OddOrEven.csproj", "{AA67BDFC-7A32-45E5-8686-D3A1B7A0023E}"
EndProject
Project("{FAE04EC0-301F-11D3-BF4B-00C04F79EFBC}") = "07.PointInCircle", "PointInCircle\07.PointInCircle.csproj", "{C5A1A3F8-D6DB-46BF-A7F5-672BF161FA24}"
EndProject
Project("{FAE04EC0-301F-11D3-BF4B-00C04F79EFBC}") = "04.RectangleAreaWidthAndHeight", "RectangelAreaWidthAndHeight\04.RectangleAreaWidthAndHeight.csproj", "{4DBB31F1-6B5F-4AD5-901E-F51603EF5750}"
EndProject
Project("{FAE04EC0-301F-11D3-BF4B-00C04F79EFBC}") = "06.ReverseDigit", "ReverseDigit\06.ReverseDigit.csproj", "{0FCB484A-816B-41AF-80BB-D0868501098B}"
EndProject
Global
	GlobalSection(SolutionConfigurationPlatforms) = preSolution
		Debug|Any CPU = Debug|Any CPU
		Release|Any CPU = Release|Any CPU
	EndGlobalSection
	GlobalSection(ProjectConfigurationPlatforms) = postSolution
		{75610211-0052-4DED-9C5F-FF077E4D6741}.Debug|Any CPU.ActiveCfg = Debug|Any CPU
		{75610211-0052-4DED-9C5F-FF077E4D6741}.Debug|Any CPU.Build.0 = Debug|Any CPU
		{75610211-0052-4DED-9C5F-FF077E4D6741}.Release|Any CPU.ActiveCfg = Release|Any CPU
		{75610211-0052-4DED-9C5F-FF077E4D6741}.Release|Any CPU.Build.0 = Release|Any CPU
		{642E200C-AB36-4303-BE9C-EA405491147E}.Debug|Any CPU.ActiveCfg = Debug|Any CPU
		{642E200C-AB36-4303-BE9C-EA405491147E}.Debug|Any CPU.Build.0 = Debug|Any CPU
		{642E200C-AB36-4303-BE9C-EA405491147E}.Release|Any CPU.ActiveCfg = Release|Any CPU
		{642E200C-AB36-4303-BE9C-EA405491147E}.Release|Any CPU.Build.0 = Release|Any CPU
		{0522CE5F-EE21-40B4-A8CD-476DA699A686}.Debug|Any CPU.ActiveCfg = Debug|Any CPU
		{0522CE5F-EE21-40B4-A8CD-476DA699A686}.Debug|Any CPU.Build.0 = Debug|Any CPU
		{0522CE5F-EE21-40B4-A8CD-476DA699A686}.Release|Any CPU.ActiveCfg = Release|Any CPU
		{0522CE5F-EE21-40B4-A8CD-476DA699A686}.Release|Any CPU.Build.0 = Release|Any CPU
		{011007B2-9BB5-4DD2-AC55-B090C95E778A}.Debug|Any CPU.ActiveCfg = Debug|Any CPU
		{011007B2-9BB5-4DD2-AC55-B090C95E778A}.Debug|Any CPU.Build.0 = Debug|Any CPU
		{011007B2-9BB5-4DD2-AC55-B090C95E778A}.Release|Any CPU.ActiveCfg = Release|Any CPU
		{011007B2-9BB5-4DD2-AC55-B090C95E778A}.Release|Any CPU.Build.0 = Release|Any CPU
		{B8449B45-F107-478E-B0D6-F84AF6B1A1A2}.Debug|Any CPU.ActiveCfg = Debug|Any CPU
		{B8449B45-F107-478E-B0D6-F84AF6B1A1A2}.Debug|Any CPU.Build.0 = Debug|Any CPU
		{B8449B45-F107-478E-B0D6-F84AF6B1A1A2}.Release|Any CPU.ActiveCfg = Release|Any CPU
		{B8449B45-F107-478E-B0D6-F84AF6B1A1A2}.Release|Any CPU.Build.0 = Release|Any CPU
		{DF9FDD1D-0BC8-40BD-9981-83176D49FA29}.Debug|Any CPU.ActiveCfg = Debug|Any CPU
		{DF9FDD1D-0BC8-40BD-9981-83176D49FA29}.Debug|Any CPU.Build.0 = Debug|Any CPU
		{DF9FDD1D-0BC8-40BD-9981-83176D49FA29}.Release|Any CPU.ActiveCfg = Release|Any CPU
		{DF9FDD1D-0BC8-40BD-9981-83176D49FA29}.Release|Any CPU.Build.0 = Release|Any CPU
		{575FC30A-4C5E-46F7-BE7F-268B1D7EF53E}.Debug|Any CPU.ActiveCfg = Debug|Any CPU
		{575FC30A-4C5E-46F7-BE7F-268B1D7EF53E}.Debug|Any CPU.Build.0 = Debug|Any CPU
		{575FC30A-4C5E-46F7-BE7F-268B1D7EF53E}.Release|Any CPU.ActiveCfg = Release|Any CPU
		{575FC30A-4C5E-46F7-BE7F-268B1D7EF53E}.Release|Any CPU.Build.0 = Release|Any CPU
		{84764647-04B3-44C2-B650-E4F7B0B46C73}.Debug|Any CPU.ActiveCfg = Debug|Any CPU
		{84764647-04B3-44C2-B650-E4F7B0B46C73}.Debug|Any CPU.Build.0 = Debug|Any CPU
		{84764647-04B3-44C2-B650-E4F7B0B46C73}.Release|Any CPU.ActiveCfg = Release|Any CPU
		{84764647-04B3-44C2-B650-E4F7B0B46C73}.Release|Any CPU.Build.0 = Release|Any CPU
		{5301AF23-B016-4910-A0F5-BB6B3339EA4F}.Debug|Any CPU.ActiveCfg = Debug|Any CPU
		{5301AF23-B016-4910-A0F5-BB6B3339EA4F}.Debug|Any CPU.Build.0 = Debug|Any CPU
		{5301AF23-B016-4910-A0F5-BB6B3339EA4F}.Release|Any CPU.ActiveCfg = Release|Any CPU
		{5301AF23-B016-4910-A0F5-BB6B3339EA4F}.Release|Any CPU.Build.0 = Release|Any CPU
		{3621CA69-3E4A-41DB-873A-592A85EE1CC7}.Debug|Any CPU.ActiveCfg = Debug|Any CPU
		{3621CA69-3E4A-41DB-873A-592A85EE1CC7}.Debug|Any CPU.Build.0 = Debug|Any CPU
		{3621CA69-3E4A-41DB-873A-592A85EE1CC7}.Release|Any CPU.ActiveCfg = Release|Any CPU
		{3621CA69-3E4A-41DB-873A-592A85EE1CC7}.Release|Any CPU.Build.0 = Release|Any CPU
		{B603AA0B-9BDE-4398-A328-E029047B671C}.Debug|Any CPU.ActiveCfg = Debug|Any CPU
		{B603AA0B-9BDE-4398-A328-E029047B671C}.Debug|Any CPU.Build.0 = Debug|Any CPU
		{B603AA0B-9BDE-4398-A328-E029047B671C}.Release|Any CPU.ActiveCfg = Release|Any CPU
		{B603AA0B-9BDE-4398-A328-E029047B671C}.Release|Any CPU.Build.0 = Release|Any CPU
		{AA67BDFC-7A32-45E5-8686-D3A1B7A0023E}.Debug|Any CPU.ActiveCfg = Debug|Any CPU
		{AA67BDFC-7A32-45E5-8686-D3A1B7A0023E}.Debug|Any CPU.Build.0 = Debug|Any CPU
		{AA67BDFC-7A32-45E5-8686-D3A1B7A0023E}.Release|Any CPU.ActiveCfg = Release|Any CPU
		{AA67BDFC-7A32-45E5-8686-D3A1B7A0023E}.Release|Any CPU.Build.0 = Release|Any CPU
		{C5A1A3F8-D6DB-46BF-A7F5-672BF161FA24}.Debug|Any CPU.ActiveCfg = Debug|Any CPU
		{C5A1A3F8-D6DB-46BF-A7F5-672BF161FA24}.Debug|Any CPU.Build.0 = Debug|Any CPU
		{C5A1A3F8-D6DB-46BF-A7F5-672BF161FA24}.Release|Any CPU.ActiveCfg = Release|Any CPU
		{C5A1A3F8-D6DB-46BF-A7F5-672BF161FA24}.Release|Any CPU.Build.0 = Release|Any CPU
		{4DBB31F1-6B5F-4AD5-901E-F51603EF5750}.Debug|Any CPU.ActiveCfg = Debug|Any CPU
		{4DBB31F1-6B5F-4AD5-901E-F51603EF5750}.Debug|Any CPU.Build.0 = Debug|Any CPU
		{4DBB31F1-6B5F-4AD5-901E-F51603EF5750}.Release|Any CPU.ActiveCfg = Release|Any CPU
		{4DBB31F1-6B5F-4AD5-901E-F51603EF5750}.Release|Any CPU.Build.0 = Release|Any CPU
		{0FCB484A-816B-41AF-80BB-D0868501098B}.Debug|Any CPU.ActiveCfg = Debug|Any CPU
		{0FCB484A-816B-41AF-80BB-D0868501098B}.Debug|Any CPU.Build.0 = Debug|Any CPU
		{0FCB484A-816B-41AF-80BB-D0868501098B}.Release|Any CPU.ActiveCfg = Release|Any CPU
		{0FCB484A-816B-41AF-80BB-D0868501098B}.Release|Any CPU.Build.0 = Release|Any CPU
	EndGlobalSection
	GlobalSection(SolutionProperties) = preSolution
		HideSolutionNode = FALSE
	EndGlobalSection
EndGlobal
