
Microsoft Visual Studio Solution File, Format Version 12.00
# Visual Studio 2013
VisualStudioVersion = 12.0.31101.0
MinimumVisualStudioVersion = 10.0.40219.1
Project("{FAE04EC0-301F-11D3-BF4B-00C04F79EFBC}") = "01.NextDate", "Exam Tasks\01.NextDate.csproj", "{DDBB1F28-8102-4885-993B-73661091B064}"
EndProject
Project("{FAE04EC0-301F-11D3-BF4B-00C04F79EFBC}") = "02.TribonacciTriangle", "02.TribonacciTriangle\02.TribonacciTriangle.csproj", "{792D7620-3597-4FB7-967D-4A4578527855}"
EndProject
Project("{FAE04EC0-301F-11D3-BF4B-00C04F79EFBC}") = "03.SHeets", "03.SHeets\03.SHeets.csproj", "{D1436669-182C-4C20-B530-0978439DB38E}"
EndProject
Project("{FAE04EC0-301F-11D3-BF4B-00C04F79EFBC}") = "04.Carpets", "04.Carpets\04.Carpets.csproj", "{E652087A-2DDA-4F5B-94CF-4B8212BAC921}"
EndProject
Project("{FAE04EC0-301F-11D3-BF4B-00C04F79EFBC}") = "05.FallDown", "05.FallDown\05.FallDown.csproj", "{CFBAA779-735D-488A-90EB-260FD4817FDB}"
EndProject
Project("{FAE04EC0-301F-11D3-BF4B-00C04F79EFBC}") = "04.TelerikLogo", "04.TelerikLogo\04.TelerikLogo.csproj", "{7C63FA77-6B9A-4C7A-83D7-D4B070B9056F}"
EndProject
Project("{FAE04EC0-301F-11D3-BF4B-00C04F79EFBC}") = "05.FOrmulaBitOne", "05.FOrmulaBitOne\05.FOrmulaBitOne.csproj", "{C39BBA1D-BFD6-4983-92BF-9B23DD17DDC1}"
EndProject
Project("{FAE04EC0-301F-11D3-BF4B-00C04F79EFBC}") = "04.DiamondTrolls", "04.DiamondTrolls\04.DiamondTrolls.csproj", "{3F81DE00-7FEE-40C3-A5A4-8CCA9B0A0E16}"
EndProject
Project("{FAE04EC0-301F-11D3-BF4B-00C04F79EFBC}") = "03.XExpression", "03.XExpression\03.XExpression.csproj", "{6292A575-A305-495C-A47E-B1A0159E2995}"
EndProject
Project("{FAE04EC0-301F-11D3-BF4B-00C04F79EFBC}") = "02.AngryFemaleGPS", "02.AngryFemaleGPS\02.AngryFemaleGPS.csproj", "{1E8D8172-A384-40A4-82BF-E5E2BB427BE5}"
EndProject
Project("{FAE04EC0-301F-11D3-BF4B-00C04F79EFBC}") = "01.MathExpression", "01.MathExpression\01.MathExpression.csproj", "{D02B5E2D-EFE4-48C5-A04C-F72602FDB7BA}"
EndProject
Project("{FAE04EC0-301F-11D3-BF4B-00C04F79EFBC}") = "02.LeastMajorityMultiple", "02.LeastMajorityMultiple\02.LeastMajorityMultiple.csproj", "{62448D30-AC64-4C98-BC59-888FC3E41457}"
EndProject
Project("{FAE04EC0-301F-11D3-BF4B-00C04F79EFBC}") = "03.Trapezoid", "03.Trapezoid\03.Trapezoid.csproj", "{907263C5-C7A7-4F88-8A23-759D9E3C12C0}"
EndProject
Project("{FAE04EC0-301F-11D3-BF4B-00C04F79EFBC}") = "04.OddNumber", "04.OddNumber\04.OddNumber.csproj", "{33E617DE-7AD1-41B3-B980-046408E058C5}"
EndProject
Project("{FAE04EC0-301F-11D3-BF4B-00C04F79EFBC}") = "05.GameOfPage", "05.GameOfPage\05.GameOfPage.csproj", "{8FF2E42E-E75A-4D18-9E0F-6A905BC6C0C0}"
EndProject
Project("{FAE04EC0-301F-11D3-BF4B-00C04F79EFBC}") = "00.test", "00.test\00.test.csproj", "{8147FAD5-9EF3-496D-AFF2-D6A285C25578}"
EndProject
Project("{FAE04EC0-301F-11D3-BF4B-00C04F79EFBC}") = "00.Test2", "00.Test2\00.Test2.csproj", "{36A59F47-B53D-4804-98D7-C72B2F37D6BE}"
EndProject
Project("{FAE04EC0-301F-11D3-BF4B-00C04F79EFBC}") = "05.GameOfPAgeBitWise", "05.GameOfPAgeBitWise\05.GameOfPAgeBitWise.csproj", "{196854D4-3DA1-416A-A8E5-E704FC76CA07}"
EndProject
Project("{FAE04EC0-301F-11D3-BF4B-00C04F79EFBC}") = "03.BullsAndCows", "03.BullsAndCows\03.BullsAndCows.csproj", "{220BD3D5-6D3B-40D9-86B3-9100E1007DE5}"
EndProject
Project("{FAE04EC0-301F-11D3-BF4B-00C04F79EFBC}") = "03.XExpressionMe", "03.XExpressionMe\03.XExpressionMe.csproj", "{0D7F3D56-DD14-4D01-A5AF-B04E2BF0F7F4}"
EndProject
Project("{FAE04EC0-301F-11D3-BF4B-00C04F79EFBC}") = "05.Warhead", "05.Warhead\05.Warhead.csproj", "{D8907AB9-8A2E-4190-A881-2952F270DB1A}"
EndProject
Global
	GlobalSection(SolutionConfigurationPlatforms) = preSolution
		Debug|Any CPU = Debug|Any CPU
		Release|Any CPU = Release|Any CPU
	EndGlobalSection
	GlobalSection(ProjectConfigurationPlatforms) = postSolution
		{DDBB1F28-8102-4885-993B-73661091B064}.Debug|Any CPU.ActiveCfg = Debug|Any CPU
		{DDBB1F28-8102-4885-993B-73661091B064}.Debug|Any CPU.Build.0 = Debug|Any CPU
		{DDBB1F28-8102-4885-993B-73661091B064}.Release|Any CPU.ActiveCfg = Release|Any CPU
		{DDBB1F28-8102-4885-993B-73661091B064}.Release|Any CPU.Build.0 = Release|Any CPU
		{792D7620-3597-4FB7-967D-4A4578527855}.Debug|Any CPU.ActiveCfg = Debug|Any CPU
		{792D7620-3597-4FB7-967D-4A4578527855}.Debug|Any CPU.Build.0 = Debug|Any CPU
		{792D7620-3597-4FB7-967D-4A4578527855}.Release|Any CPU.ActiveCfg = Release|Any CPU
		{792D7620-3597-4FB7-967D-4A4578527855}.Release|Any CPU.Build.0 = Release|Any CPU
		{D1436669-182C-4C20-B530-0978439DB38E}.Debug|Any CPU.ActiveCfg = Debug|Any CPU
		{D1436669-182C-4C20-B530-0978439DB38E}.Debug|Any CPU.Build.0 = Debug|Any CPU
		{D1436669-182C-4C20-B530-0978439DB38E}.Release|Any CPU.ActiveCfg = Release|Any CPU
		{D1436669-182C-4C20-B530-0978439DB38E}.Release|Any CPU.Build.0 = Release|Any CPU
		{E652087A-2DDA-4F5B-94CF-4B8212BAC921}.Debug|Any CPU.ActiveCfg = Debug|Any CPU
		{E652087A-2DDA-4F5B-94CF-4B8212BAC921}.Debug|Any CPU.Build.0 = Debug|Any CPU
		{E652087A-2DDA-4F5B-94CF-4B8212BAC921}.Release|Any CPU.ActiveCfg = Release|Any CPU
		{E652087A-2DDA-4F5B-94CF-4B8212BAC921}.Release|Any CPU.Build.0 = Release|Any CPU
		{CFBAA779-735D-488A-90EB-260FD4817FDB}.Debug|Any CPU.ActiveCfg = Debug|Any CPU
		{CFBAA779-735D-488A-90EB-260FD4817FDB}.Debug|Any CPU.Build.0 = Debug|Any CPU
		{CFBAA779-735D-488A-90EB-260FD4817FDB}.Release|Any CPU.ActiveCfg = Release|Any CPU
		{CFBAA779-735D-488A-90EB-260FD4817FDB}.Release|Any CPU.Build.0 = Release|Any CPU
		{7C63FA77-6B9A-4C7A-83D7-D4B070B9056F}.Debug|Any CPU.ActiveCfg = Debug|Any CPU
		{7C63FA77-6B9A-4C7A-83D7-D4B070B9056F}.Debug|Any CPU.Build.0 = Debug|Any CPU
		{7C63FA77-6B9A-4C7A-83D7-D4B070B9056F}.Release|Any CPU.ActiveCfg = Release|Any CPU
		{7C63FA77-6B9A-4C7A-83D7-D4B070B9056F}.Release|Any CPU.Build.0 = Release|Any CPU
		{C39BBA1D-BFD6-4983-92BF-9B23DD17DDC1}.Debug|Any CPU.ActiveCfg = Debug|Any CPU
		{C39BBA1D-BFD6-4983-92BF-9B23DD17DDC1}.Debug|Any CPU.Build.0 = Debug|Any CPU
		{C39BBA1D-BFD6-4983-92BF-9B23DD17DDC1}.Release|Any CPU.ActiveCfg = Release|Any CPU
		{C39BBA1D-BFD6-4983-92BF-9B23DD17DDC1}.Release|Any CPU.Build.0 = Release|Any CPU
		{3F81DE00-7FEE-40C3-A5A4-8CCA9B0A0E16}.Debug|Any CPU.ActiveCfg = Debug|Any CPU
		{3F81DE00-7FEE-40C3-A5A4-8CCA9B0A0E16}.Debug|Any CPU.Build.0 = Debug|Any CPU
		{3F81DE00-7FEE-40C3-A5A4-8CCA9B0A0E16}.Release|Any CPU.ActiveCfg = Release|Any CPU
		{3F81DE00-7FEE-40C3-A5A4-8CCA9B0A0E16}.Release|Any CPU.Build.0 = Release|Any CPU
		{6292A575-A305-495C-A47E-B1A0159E2995}.Debug|Any CPU.ActiveCfg = Debug|Any CPU
		{6292A575-A305-495C-A47E-B1A0159E2995}.Debug|Any CPU.Build.0 = Debug|Any CPU
		{6292A575-A305-495C-A47E-B1A0159E2995}.Release|Any CPU.ActiveCfg = Release|Any CPU
		{6292A575-A305-495C-A47E-B1A0159E2995}.Release|Any CPU.Build.0 = Release|Any CPU
		{1E8D8172-A384-40A4-82BF-E5E2BB427BE5}.Debug|Any CPU.ActiveCfg = Debug|Any CPU
		{1E8D8172-A384-40A4-82BF-E5E2BB427BE5}.Debug|Any CPU.Build.0 = Debug|Any CPU
		{1E8D8172-A384-40A4-82BF-E5E2BB427BE5}.Release|Any CPU.ActiveCfg = Release|Any CPU
		{1E8D8172-A384-40A4-82BF-E5E2BB427BE5}.Release|Any CPU.Build.0 = Release|Any CPU
		{D02B5E2D-EFE4-48C5-A04C-F72602FDB7BA}.Debug|Any CPU.ActiveCfg = Debug|Any CPU
		{D02B5E2D-EFE4-48C5-A04C-F72602FDB7BA}.Debug|Any CPU.Build.0 = Debug|Any CPU
		{D02B5E2D-EFE4-48C5-A04C-F72602FDB7BA}.Release|Any CPU.ActiveCfg = Release|Any CPU
		{D02B5E2D-EFE4-48C5-A04C-F72602FDB7BA}.Release|Any CPU.Build.0 = Release|Any CPU
		{62448D30-AC64-4C98-BC59-888FC3E41457}.Debug|Any CPU.ActiveCfg = Debug|Any CPU
		{62448D30-AC64-4C98-BC59-888FC3E41457}.Debug|Any CPU.Build.0 = Debug|Any CPU
		{62448D30-AC64-4C98-BC59-888FC3E41457}.Release|Any CPU.ActiveCfg = Release|Any CPU
		{62448D30-AC64-4C98-BC59-888FC3E41457}.Release|Any CPU.Build.0 = Release|Any CPU
		{907263C5-C7A7-4F88-8A23-759D9E3C12C0}.Debug|Any CPU.ActiveCfg = Debug|Any CPU
		{907263C5-C7A7-4F88-8A23-759D9E3C12C0}.Debug|Any CPU.Build.0 = Debug|Any CPU
		{907263C5-C7A7-4F88-8A23-759D9E3C12C0}.Release|Any CPU.ActiveCfg = Release|Any CPU
		{907263C5-C7A7-4F88-8A23-759D9E3C12C0}.Release|Any CPU.Build.0 = Release|Any CPU
		{33E617DE-7AD1-41B3-B980-046408E058C5}.Debug|Any CPU.ActiveCfg = Debug|Any CPU
		{33E617DE-7AD1-41B3-B980-046408E058C5}.Debug|Any CPU.Build.0 = Debug|Any CPU
		{33E617DE-7AD1-41B3-B980-046408E058C5}.Release|Any CPU.ActiveCfg = Release|Any CPU
		{33E617DE-7AD1-41B3-B980-046408E058C5}.Release|Any CPU.Build.0 = Release|Any CPU
		{8FF2E42E-E75A-4D18-9E0F-6A905BC6C0C0}.Debug|Any CPU.ActiveCfg = Debug|Any CPU
		{8FF2E42E-E75A-4D18-9E0F-6A905BC6C0C0}.Debug|Any CPU.Build.0 = Debug|Any CPU
		{8FF2E42E-E75A-4D18-9E0F-6A905BC6C0C0}.Release|Any CPU.ActiveCfg = Release|Any CPU
		{8FF2E42E-E75A-4D18-9E0F-6A905BC6C0C0}.Release|Any CPU.Build.0 = Release|Any CPU
		{8147FAD5-9EF3-496D-AFF2-D6A285C25578}.Debug|Any CPU.ActiveCfg = Debug|Any CPU
		{8147FAD5-9EF3-496D-AFF2-D6A285C25578}.Debug|Any CPU.Build.0 = Debug|Any CPU
		{8147FAD5-9EF3-496D-AFF2-D6A285C25578}.Release|Any CPU.ActiveCfg = Release|Any CPU
		{8147FAD5-9EF3-496D-AFF2-D6A285C25578}.Release|Any CPU.Build.0 = Release|Any CPU
		{36A59F47-B53D-4804-98D7-C72B2F37D6BE}.Debug|Any CPU.ActiveCfg = Debug|Any CPU
		{36A59F47-B53D-4804-98D7-C72B2F37D6BE}.Debug|Any CPU.Build.0 = Debug|Any CPU
		{36A59F47-B53D-4804-98D7-C72B2F37D6BE}.Release|Any CPU.ActiveCfg = Release|Any CPU
		{36A59F47-B53D-4804-98D7-C72B2F37D6BE}.Release|Any CPU.Build.0 = Release|Any CPU
		{196854D4-3DA1-416A-A8E5-E704FC76CA07}.Debug|Any CPU.ActiveCfg = Debug|Any CPU
		{196854D4-3DA1-416A-A8E5-E704FC76CA07}.Debug|Any CPU.Build.0 = Debug|Any CPU
		{196854D4-3DA1-416A-A8E5-E704FC76CA07}.Release|Any CPU.ActiveCfg = Release|Any CPU
		{196854D4-3DA1-416A-A8E5-E704FC76CA07}.Release|Any CPU.Build.0 = Release|Any CPU
		{220BD3D5-6D3B-40D9-86B3-9100E1007DE5}.Debug|Any CPU.ActiveCfg = Debug|Any CPU
		{220BD3D5-6D3B-40D9-86B3-9100E1007DE5}.Debug|Any CPU.Build.0 = Debug|Any CPU
		{220BD3D5-6D3B-40D9-86B3-9100E1007DE5}.Release|Any CPU.ActiveCfg = Release|Any CPU
		{220BD3D5-6D3B-40D9-86B3-9100E1007DE5}.Release|Any CPU.Build.0 = Release|Any CPU
		{0D7F3D56-DD14-4D01-A5AF-B04E2BF0F7F4}.Debug|Any CPU.ActiveCfg = Debug|Any CPU
		{0D7F3D56-DD14-4D01-A5AF-B04E2BF0F7F4}.Debug|Any CPU.Build.0 = Debug|Any CPU
		{0D7F3D56-DD14-4D01-A5AF-B04E2BF0F7F4}.Release|Any CPU.ActiveCfg = Release|Any CPU
		{0D7F3D56-DD14-4D01-A5AF-B04E2BF0F7F4}.Release|Any CPU.Build.0 = Release|Any CPU
		{D8907AB9-8A2E-4190-A881-2952F270DB1A}.Debug|Any CPU.ActiveCfg = Debug|Any CPU
		{D8907AB9-8A2E-4190-A881-2952F270DB1A}.Debug|Any CPU.Build.0 = Debug|Any CPU
		{D8907AB9-8A2E-4190-A881-2952F270DB1A}.Release|Any CPU.ActiveCfg = Release|Any CPU
		{D8907AB9-8A2E-4190-A881-2952F270DB1A}.Release|Any CPU.Build.0 = Release|Any CPU
	EndGlobalSection
	GlobalSection(SolutionProperties) = preSolution
		HideSolutionNode = FALSE
	EndGlobalSection
EndGlobal
