
Microsoft Visual Studio Solution File, Format Version 12.00
# Visual Studio 2013
VisualStudioVersion = 12.0.31101.0
MinimumVisualStudioVersion = 10.0.40219.1
Project("{FAE04EC0-301F-11D3-BF4B-00C04F79EFBC}") = "01.NextDate", "Exam Tasks\01.NextDate.csproj", "{DDBB1F28-8102-4885-993B-73661091B064}"
EndProject
Project("{FAE04EC0-301F-11D3-BF4B-00C04F79EFBC}") = "02.TribonacciTriangle", "02.TribonacciTriangle\02.TribonacciTriangle.csproj", "{792D7620-3597-4FB7-967D-4A4578527855}"
EndProject
Project("{FAE04EC0-301F-11D3-BF4B-00C04F79EFBC}") = "03.SHeets", "03.SHeets\03.SHeets.csproj", "{D1436669-182C-4C20-B530-0978439DB38E}"
EndProject
Project("{FAE04EC0-301F-11D3-BF4B-00C04F79EFBC}") = "04.Carpets", "04.Carpets\04.Carpets.csproj", "{E652087A-2DDA-4F5B-94CF-4B8212BAC921}"
EndProject
Project("{FAE04EC0-301F-11D3-BF4B-00C04F79EFBC}") = "05.FallDown", "05.FallDown\05.FallDown.csproj", "{CFBAA779-735D-488A-90EB-260FD4817FDB}"
EndProject
Project("{FAE04EC0-301F-11D3-BF4B-00C04F79EFBC}") = "05.FallDOwnByMe", "05.FallDOwnByMe\05.FallDOwnByMe.csproj", "{3A2653F7-064B-4742-98AF-65F9908DC87B}"
EndProject
Project("{FAE04EC0-301F-11D3-BF4B-00C04F79EFBC}") = "04.TelerikLogo", "04.TelerikLogo\04.TelerikLogo.csproj", "{7C63FA77-6B9A-4C7A-83D7-D4B070B9056F}"
EndProject
Project("{FAE04EC0-301F-11D3-BF4B-00C04F79EFBC}") = "05.FOrmulaBitOne", "05.FOrmulaBitOne\05.FOrmulaBitOne.csproj", "{C39BBA1D-BFD6-4983-92BF-9B23DD17DDC1}"
EndProject
Project("{FAE04EC0-301F-11D3-BF4B-00C04F79EFBC}") = "04.DiamondTrolls", "04.DiamondTrolls\04.DiamondTrolls.csproj", "{3F81DE00-7FEE-40C3-A5A4-8CCA9B0A0E16}"
EndProject
Project("{FAE04EC0-301F-11D3-BF4B-00C04F79EFBC}") = "03.XExpression", "03.XExpression\03.XExpression.csproj", "{6292A575-A305-495C-A47E-B1A0159E2995}"
EndProject
Project("{FAE04EC0-301F-11D3-BF4B-00C04F79EFBC}") = "02.AngryFemaleGPS", "02.AngryFemaleGPS\02.AngryFemaleGPS.csproj", "{1E8D8172-A384-40A4-82BF-E5E2BB427BE5}"
EndProject
Global
	GlobalSection(SolutionConfigurationPlatforms) = preSolution
		Debug|Any CPU = Debug|Any CPU
		Release|Any CPU = Release|Any CPU
	EndGlobalSection
	GlobalSection(ProjectConfigurationPlatforms) = postSolution
		{DDBB1F28-8102-4885-993B-73661091B064}.Debug|Any CPU.ActiveCfg = Debug|Any CPU
		{DDBB1F28-8102-4885-993B-73661091B064}.Debug|Any CPU.Build.0 = Debug|Any CPU
		{DDBB1F28-8102-4885-993B-73661091B064}.Release|Any CPU.ActiveCfg = Release|Any CPU
		{DDBB1F28-8102-4885-993B-73661091B064}.Release|Any CPU.Build.0 = Release|Any CPU
		{792D7620-3597-4FB7-967D-4A4578527855}.Debug|Any CPU.ActiveCfg = Debug|Any CPU
		{792D7620-3597-4FB7-967D-4A4578527855}.Debug|Any CPU.Build.0 = Debug|Any CPU
		{792D7620-3597-4FB7-967D-4A4578527855}.Release|Any CPU.ActiveCfg = Release|Any CPU
		{792D7620-3597-4FB7-967D-4A4578527855}.Release|Any CPU.Build.0 = Release|Any CPU
		{D1436669-182C-4C20-B530-0978439DB38E}.Debug|Any CPU.ActiveCfg = Debug|Any CPU
		{D1436669-182C-4C20-B530-0978439DB38E}.Debug|Any CPU.Build.0 = Debug|Any CPU
		{D1436669-182C-4C20-B530-0978439DB38E}.Release|Any CPU.ActiveCfg = Release|Any CPU
		{D1436669-182C-4C20-B530-0978439DB38E}.Release|Any CPU.Build.0 = Release|Any CPU
		{E652087A-2DDA-4F5B-94CF-4B8212BAC921}.Debug|Any CPU.ActiveCfg = Debug|Any CPU
		{E652087A-2DDA-4F5B-94CF-4B8212BAC921}.Debug|Any CPU.Build.0 = Debug|Any CPU
		{E652087A-2DDA-4F5B-94CF-4B8212BAC921}.Release|Any CPU.ActiveCfg = Release|Any CPU
		{E652087A-2DDA-4F5B-94CF-4B8212BAC921}.Release|Any CPU.Build.0 = Release|Any CPU
		{CFBAA779-735D-488A-90EB-260FD4817FDB}.Debug|Any CPU.ActiveCfg = Debug|Any CPU
		{CFBAA779-735D-488A-90EB-260FD4817FDB}.Debug|Any CPU.Build.0 = Debug|Any CPU
		{CFBAA779-735D-488A-90EB-260FD4817FDB}.Release|Any CPU.ActiveCfg = Release|Any CPU
		{CFBAA779-735D-488A-90EB-260FD4817FDB}.Release|Any CPU.Build.0 = Release|Any CPU
		{3A2653F7-064B-4742-98AF-65F9908DC87B}.Debug|Any CPU.ActiveCfg = Debug|Any CPU
		{3A2653F7-064B-4742-98AF-65F9908DC87B}.Debug|Any CPU.Build.0 = Debug|Any CPU
		{3A2653F7-064B-4742-98AF-65F9908DC87B}.Release|Any CPU.ActiveCfg = Release|Any CPU
		{3A2653F7-064B-4742-98AF-65F9908DC87B}.Release|Any CPU.Build.0 = Release|Any CPU
		{7C63FA77-6B9A-4C7A-83D7-D4B070B9056F}.Debug|Any CPU.ActiveCfg = Debug|Any CPU
		{7C63FA77-6B9A-4C7A-83D7-D4B070B9056F}.Debug|Any CPU.Build.0 = Debug|Any CPU
		{7C63FA77-6B9A-4C7A-83D7-D4B070B9056F}.Release|Any CPU.ActiveCfg = Release|Any CPU
		{7C63FA77-6B9A-4C7A-83D7-D4B070B9056F}.Release|Any CPU.Build.0 = Release|Any CPU
		{C39BBA1D-BFD6-4983-92BF-9B23DD17DDC1}.Debug|Any CPU.ActiveCfg = Debug|Any CPU
		{C39BBA1D-BFD6-4983-92BF-9B23DD17DDC1}.Debug|Any CPU.Build.0 = Debug|Any CPU
		{C39BBA1D-BFD6-4983-92BF-9B23DD17DDC1}.Release|Any CPU.ActiveCfg = Release|Any CPU
		{C39BBA1D-BFD6-4983-92BF-9B23DD17DDC1}.Release|Any CPU.Build.0 = Release|Any CPU
		{3F81DE00-7FEE-40C3-A5A4-8CCA9B0A0E16}.Debug|Any CPU.ActiveCfg = Debug|Any CPU
		{3F81DE00-7FEE-40C3-A5A4-8CCA9B0A0E16}.Debug|Any CPU.Build.0 = Debug|Any CPU
		{3F81DE00-7FEE-40C3-A5A4-8CCA9B0A0E16}.Release|Any CPU.ActiveCfg = Release|Any CPU
		{3F81DE00-7FEE-40C3-A5A4-8CCA9B0A0E16}.Release|Any CPU.Build.0 = Release|Any CPU
		{6292A575-A305-495C-A47E-B1A0159E2995}.Debug|Any CPU.ActiveCfg = Debug|Any CPU
		{6292A575-A305-495C-A47E-B1A0159E2995}.Debug|Any CPU.Build.0 = Debug|Any CPU
		{6292A575-A305-495C-A47E-B1A0159E2995}.Release|Any CPU.ActiveCfg = Release|Any CPU
		{6292A575-A305-495C-A47E-B1A0159E2995}.Release|Any CPU.Build.0 = Release|Any CPU
		{1E8D8172-A384-40A4-82BF-E5E2BB427BE5}.Debug|Any CPU.ActiveCfg = Debug|Any CPU
		{1E8D8172-A384-40A4-82BF-E5E2BB427BE5}.Debug|Any CPU.Build.0 = Debug|Any CPU
		{1E8D8172-A384-40A4-82BF-E5E2BB427BE5}.Release|Any CPU.ActiveCfg = Release|Any CPU
		{1E8D8172-A384-40A4-82BF-E5E2BB427BE5}.Release|Any CPU.Build.0 = Release|Any CPU
	EndGlobalSection
	GlobalSection(SolutionProperties) = preSolution
		HideSolutionNode = FALSE
	EndGlobalSection
EndGlobal
